{
  "version": 4,
  "terraform_version": "1.14.8",
  "serial": 90,
  "lineage": "a66aeded-99a4-11dd-71f6-0a7138740929",
  "outputs": {},
  "resources": [
    {
      "mode": "managed",
      "type": "local_file",
      "name": "name",
      "provider": "provider[\"registry.terraform.io/hashicorp/local\"]",
      "instances": [
        {
          "schema_version": 0,
          "attributes": {
            "content": "Per - Håndbold\nBo - Håndbold\nKasper - Håndbold",
            "content_base64": null,
            "content_base64sha256": "i53kSlaSriIyg6VotyriPTBTWyPnUS3mNZr67JmT3ps=",
            "content_base64sha512": "stZ9XD0PD0zVl+BJXn65ouLXbz7lC6GBCfPAUEalJX++c+IASbm8/ufT9xqRj5oMwGXpMlQbEZc4OMJ/RPoOWQ==",
            "content_md5": "942467c3562a7543dd01372fda2f8d0c",
            "content_sha1": "293329c87903f19d21efcda5ac9d9f45108886ab",
            "content_sha256": "8b9de44a5692ae223283a568b72ae23d30535b23e7512de6359afaec9993de9b",
            "content_sha512": "b2d67d5c3d0f0f4cd597e0495e7eb9a2e2d76f3ee50ba18109f3c05046a5257fbe73e20049b9bcfee7d3f71a918f9a0cc065e932541b11973838c27f44fa0e59",
            "directory_permission": "0777",
            "file_permission": "0777",
            "filename": "profiles.txt",
            "id": "293329c87903f19d21efcda5ac9d9f45108886ab",
            "sensitive_content": null,
            "source": null
          },
          "sensitive_attributes": [
            [
              {
                "type": "get_attr",
                "value": "sensitive_content"
              }
            ]
          ],
          "identity_schema_version": 0,
          "dependencies": [
            "random_integer.hobby_index"
          ]
        }
      ]
    },
    {
      "mode": "managed",
      "type": "random_integer",
      "name": "hobby_index",
      "provider": "provider[\"registry.terraform.io/hashicorp/random\"]",
      "instances": [
        {
          "index_key": "Bo",
          "schema_version": 0,
          "attributes": {
            "id": "5",
            "keepers": null,
            "max": 5,
            "min": 0,
            "result": 5,
            "seed": null
          },
          "sensitive_attributes": [],
          "identity_schema_version": 0
        },
        {
          "index_key": "Kasper",
          "schema_version": 0,
          "attributes": {
            "id": "5",
            "keepers": null,
            "max": 5,
            "min": 0,
            "result": 5,
            "seed": null
          },
          "sensitive_attributes": [],
          "identity_schema_version": 0
        },
        {
          "index_key": "Per",
          "schema_version": 0,
          "attributes": {
            "id": "5",
            "keepers": null,
            "max": 5,
            "min": 0,
            "result": 5,
            "seed": null
          },
          "sensitive_attributes": [],
          "identity_schema_version": 0
        }
      ]
    }
  ],
  "check_results": null
}
